
Microsoft Visual Studio Solution File, Format Version 12.00
# Visual Studio 14
VisualStudioVersion = 14.0.25420.1
MinimumVisualStudioVersion = 10.0.40219.1
Project("{FAE04EC0-301F-11D3-BF4B-00C04F79EFBC}") = "XConceptTwo.Droid", "XConceptTwo\XConceptTwo.Droid\XConceptTwo.Droid.csproj", "{26059223-4BF1-405F-87C0-274E56746BE3}"
EndProject
Project("{FAE04EC0-301F-11D3-BF4B-00C04F79EFBC}") = "XConceptTwo.iOS", "XConceptTwo\XConceptTwo.iOS\XConceptTwo.iOS.csproj", "{7D01FC05-5B10-4E99-A284-5EB68DE0F4E9}"
EndProject
Project("{FAE04EC0-301F-11D3-BF4B-00C04F79EFBC}") = "XConceptTwo.WinPhone", "XConceptTwo\XConceptTwo.WinPhone\XConceptTwo.WinPhone.csproj", "{5A711C73-624B-4863-B0F6-3E435326DFD1}"
EndProject
Project("{FAE04EC0-301F-11D3-BF4B-00C04F79EFBC}") = "XConceptTwo.UWP", "XConceptTwo\XConceptTwo.UWP\XConceptTwo.UWP.csproj", "{4D6AA487-50DB-400C-A866-01A1A95993C1}"
EndProject
Project("{FAE04EC0-301F-11D3-BF4B-00C04F79EFBC}") = "XConceptTwo.Windows", "XConceptTwo\XConceptTwo.Windows\XConceptTwo.Windows.csproj", "{E9A3BA92-675B-41BE-B9D4-D71B2BCFF742}"
EndProject
Project("{FAE04EC0-301F-11D3-BF4B-00C04F79EFBC}") = "XConceptTwo", "XConceptTwo\XConceptTwo\XConceptTwo.csproj", "{80B22EA1-51B0-48CD-B7F1-585259D6173E}"
EndProject
Global
	GlobalSection(SolutionConfigurationPlatforms) = preSolution
		Ad-Hoc|Any CPU = Ad-Hoc|Any CPU
		Ad-Hoc|ARM = Ad-Hoc|ARM
		Ad-Hoc|iPhone = Ad-Hoc|iPhone
		Ad-Hoc|iPhoneSimulator = Ad-Hoc|iPhoneSimulator
		Ad-Hoc|x64 = Ad-Hoc|x64
		Ad-Hoc|x86 = Ad-Hoc|x86
		AppStore|Any CPU = AppStore|Any CPU
		AppStore|ARM = AppStore|ARM
		AppStore|iPhone = AppStore|iPhone
		AppStore|iPhoneSimulator = AppStore|iPhoneSimulator
		AppStore|x64 = AppStore|x64
		AppStore|x86 = AppStore|x86
		Debug|Any CPU = Debug|Any CPU
		Debug|ARM = Debug|ARM
		Debug|iPhone = Debug|iPhone
		Debug|iPhoneSimulator = Debug|iPhoneSimulator
		Debug|x64 = Debug|x64
		Debug|x86 = Debug|x86
		Release|Any CPU = Release|Any CPU
		Release|ARM = Release|ARM
		Release|iPhone = Release|iPhone
		Release|iPhoneSimulator = Release|iPhoneSimulator
		Release|x64 = Release|x64
		Release|x86 = Release|x86
	EndGlobalSection
	GlobalSection(ProjectConfigurationPlatforms) = postSolution
		{26059223-4BF1-405F-87C0-274E56746BE3}.Ad-Hoc|Any CPU.ActiveCfg = Release|Any CPU
		{26059223-4BF1-405F-87C0-274E56746BE3}.Ad-Hoc|Any CPU.Build.0 = Release|Any CPU
		{26059223-4BF1-405F-87C0-274E56746BE3}.Ad-Hoc|Any CPU.Deploy.0 = Release|Any CPU
		{26059223-4BF1-405F-87C0-274E56746BE3}.Ad-Hoc|ARM.ActiveCfg = Release|Any CPU
		{26059223-4BF1-405F-87C0-274E56746BE3}.Ad-Hoc|ARM.Build.0 = Release|Any CPU
		{26059223-4BF1-405F-87C0-274E56746BE3}.Ad-Hoc|ARM.Deploy.0 = Release|Any CPU
		{26059223-4BF1-405F-87C0-274E56746BE3}.Ad-Hoc|iPhone.ActiveCfg = Release|Any CPU
		{26059223-4BF1-405F-87C0-274E56746BE3}.Ad-Hoc|iPhone.Build.0 = Release|Any CPU
		{26059223-4BF1-405F-87C0-274E56746BE3}.Ad-Hoc|iPhone.Deploy.0 = Release|Any CPU
		{26059223-4BF1-405F-87C0-274E56746BE3}.Ad-Hoc|iPhoneSimulator.ActiveCfg = Release|Any CPU
		{26059223-4BF1-405F-87C0-274E56746BE3}.Ad-Hoc|iPhoneSimulator.Build.0 = Release|Any CPU
		{26059223-4BF1-405F-87C0-274E56746BE3}.Ad-Hoc|iPhoneSimulator.Deploy.0 = Release|Any CPU
		{26059223-4BF1-405F-87C0-274E56746BE3}.Ad-Hoc|x64.ActiveCfg = Release|Any CPU
		{26059223-4BF1-405F-87C0-274E56746BE3}.Ad-Hoc|x64.Build.0 = Release|Any CPU
		{26059223-4BF1-405F-87C0-274E56746BE3}.Ad-Hoc|x64.Deploy.0 = Release|Any CPU
		{26059223-4BF1-405F-87C0-274E56746BE3}.Ad-Hoc|x86.ActiveCfg = Release|Any CPU
		{26059223-4BF1-405F-87C0-274E56746BE3}.Ad-Hoc|x86.Build.0 = Release|Any CPU
		{26059223-4BF1-405F-87C0-274E56746BE3}.Ad-Hoc|x86.Deploy.0 = Release|Any CPU
		{26059223-4BF1-405F-87C0-274E56746BE3}.AppStore|Any CPU.ActiveCfg = Release|Any CPU
		{26059223-4BF1-405F-87C0-274E56746BE3}.AppStore|Any CPU.Build.0 = Release|Any CPU
		{26059223-4BF1-405F-87C0-274E56746BE3}.AppStore|Any CPU.Deploy.0 = Release|Any CPU
		{26059223-4BF1-405F-87C0-274E56746BE3}.AppStore|ARM.ActiveCfg = Release|Any CPU
		{26059223-4BF1-405F-87C0-274E56746BE3}.AppStore|ARM.Build.0 = Release|Any CPU
		{26059223-4BF1-405F-87C0-274E56746BE3}.AppStore|ARM.Deploy.0 = Release|Any CPU
		{26059223-4BF1-405F-87C0-274E56746BE3}.AppStore|iPhone.ActiveCfg = Release|Any CPU
		{26059223-4BF1-405F-87C0-274E56746BE3}.AppStore|iPhone.Build.0 = Release|Any CPU
		{26059223-4BF1-405F-87C0-274E56746BE3}.AppStore|iPhone.Deploy.0 = Release|Any CPU
		{26059223-4BF1-405F-87C0-274E56746BE3}.AppStore|iPhoneSimulator.ActiveCfg = Release|Any CPU
		{26059223-4BF1-405F-87C0-274E56746BE3}.AppStore|iPhoneSimulator.Build.0 = Release|Any CPU
		{26059223-4BF1-405F-87C0-274E56746BE3}.AppStore|iPhoneSimulator.Deploy.0 = Release|Any CPU
		{26059223-4BF1-405F-87C0-274E56746BE3}.AppStore|x64.ActiveCfg = Release|Any CPU
		{26059223-4BF1-405F-87C0-274E56746BE3}.AppStore|x64.Build.0 = Release|Any CPU
		{26059223-4BF1-405F-87C0-274E56746BE3}.AppStore|x64.Deploy.0 = Release|Any CPU
		{26059223-4BF1-405F-87C0-274E56746BE3}.AppStore|x86.ActiveCfg = Release|Any CPU
		{26059223-4BF1-405F-87C0-274E56746BE3}.AppStore|x86.Build.0 = Release|Any CPU
		{26059223-4BF1-405F-87C0-274E56746BE3}.AppStore|x86.Deploy.0 = Release|Any CPU
		{26059223-4BF1-405F-87C0-274E56746BE3}.Debug|Any CPU.ActiveCfg = Debug|Any CPU
		{26059223-4BF1-405F-87C0-274E56746BE3}.Debug|Any CPU.Build.0 = Debug|Any CPU
		{26059223-4BF1-405F-87C0-274E56746BE3}.Debug|Any CPU.Deploy.0 = Debug|Any CPU
		{26059223-4BF1-405F-87C0-274E56746BE3}.Debug|ARM.ActiveCfg = Debug|Any CPU
		{26059223-4BF1-405F-87C0-274E56746BE3}.Debug|ARM.Build.0 = Debug|Any CPU
		{26059223-4BF1-405F-87C0-274E56746BE3}.Debug|ARM.Deploy.0 = Debug|Any CPU
		{26059223-4BF1-405F-87C0-274E56746BE3}.Debug|iPhone.ActiveCfg = Debug|Any CPU
		{26059223-4BF1-405F-87C0-274E56746BE3}.Debug|iPhone.Build.0 = Debug|Any CPU
		{26059223-4BF1-405F-87C0-274E56746BE3}.Debug|iPhone.Deploy.0 = Debug|Any CPU
		{26059223-4BF1-405F-87C0-274E56746BE3}.Debug|iPhoneSimulator.ActiveCfg = Debug|Any CPU
		{26059223-4BF1-405F-87C0-274E56746BE3}.Debug|iPhoneSimulator.Build.0 = Debug|Any CPU
		{26059223-4BF1-405F-87C0-274E56746BE3}.Debug|iPhoneSimulator.Deploy.0 = Debug|Any CPU
		{26059223-4BF1-405F-87C0-274E56746BE3}.Debug|x64.ActiveCfg = Debug|Any CPU
		{26059223-4BF1-405F-87C0-274E56746BE3}.Debug|x64.Build.0 = Debug|Any CPU
		{26059223-4BF1-405F-87C0-274E56746BE3}.Debug|x64.Deploy.0 = Debug|Any CPU
		{26059223-4BF1-405F-87C0-274E56746BE3}.Debug|x86.ActiveCfg = Debug|Any CPU
		{26059223-4BF1-405F-87C0-274E56746BE3}.Debug|x86.Build.0 = Debug|Any CPU
		{26059223-4BF1-405F-87C0-274E56746BE3}.Debug|x86.Deploy.0 = Debug|Any CPU
		{26059223-4BF1-405F-87C0-274E56746BE3}.Release|Any CPU.ActiveCfg = Release|Any CPU
		{26059223-4BF1-405F-87C0-274E56746BE3}.Release|Any CPU.Build.0 = Release|Any CPU
		{26059223-4BF1-405F-87C0-274E56746BE3}.Release|Any CPU.Deploy.0 = Release|Any CPU
		{26059223-4BF1-405F-87C0-274E56746BE3}.Release|ARM.ActiveCfg = Release|Any CPU
		{26059223-4BF1-405F-87C0-274E56746BE3}.Release|ARM.Build.0 = Release|Any CPU
		{26059223-4BF1-405F-87C0-274E56746BE3}.Release|ARM.Deploy.0 = Release|Any CPU
		{26059223-4BF1-405F-87C0-274E56746BE3}.Release|iPhone.ActiveCfg = Release|Any CPU
		{26059223-4BF1-405F-87C0-274E56746BE3}.Release|iPhone.Build.0 = Release|Any CPU
		{26059223-4BF1-405F-87C0-274E56746BE3}.Release|iPhone.Deploy.0 = Release|Any CPU
		{26059223-4BF1-405F-87C0-274E56746BE3}.Release|iPhoneSimulator.ActiveCfg = Release|Any CPU
		{26059223-4BF1-405F-87C0-274E56746BE3}.Release|iPhoneSimulator.Build.0 = Release|Any CPU
		{26059223-4BF1-405F-87C0-274E56746BE3}.Release|iPhoneSimulator.Deploy.0 = Release|Any CPU
		{26059223-4BF1-405F-87C0-274E56746BE3}.Release|x64.ActiveCfg = Release|Any CPU
		{26059223-4BF1-405F-87C0-274E56746BE3}.Release|x64.Build.0 = Release|Any CPU
		{26059223-4BF1-405F-87C0-274E56746BE3}.Release|x64.Deploy.0 = Release|Any CPU
		{26059223-4BF1-405F-87C0-274E56746BE3}.Release|x86.ActiveCfg = Release|Any CPU
		{26059223-4BF1-405F-87C0-274E56746BE3}.Release|x86.Build.0 = Release|Any CPU
		{26059223-4BF1-405F-87C0-274E56746BE3}.Release|x86.Deploy.0 = Release|Any CPU
		{7D01FC05-5B10-4E99-A284-5EB68DE0F4E9}.Ad-Hoc|Any CPU.ActiveCfg = Ad-Hoc|iPhone
		{7D01FC05-5B10-4E99-A284-5EB68DE0F4E9}.Ad-Hoc|ARM.ActiveCfg = Ad-Hoc|iPhone
		{7D01FC05-5B10-4E99-A284-5EB68DE0F4E9}.Ad-Hoc|iPhone.ActiveCfg = Ad-Hoc|iPhone
		{7D01FC05-5B10-4E99-A284-5EB68DE0F4E9}.Ad-Hoc|iPhone.Build.0 = Ad-Hoc|iPhone
		{7D01FC05-5B10-4E99-A284-5EB68DE0F4E9}.Ad-Hoc|iPhoneSimulator.ActiveCfg = Ad-Hoc|iPhoneSimulator
		{7D01FC05-5B10-4E99-A284-5EB68DE0F4E9}.Ad-Hoc|iPhoneSimulator.Build.0 = Ad-Hoc|iPhoneSimulator
		{7D01FC05-5B10-4E99-A284-5EB68DE0F4E9}.Ad-Hoc|x64.ActiveCfg = Ad-Hoc|iPhone
		{7D01FC05-5B10-4E99-A284-5EB68DE0F4E9}.Ad-Hoc|x86.ActiveCfg = Ad-Hoc|iPhone
		{7D01FC05-5B10-4E99-A284-5EB68DE0F4E9}.AppStore|Any CPU.ActiveCfg = AppStore|iPhone
		{7D01FC05-5B10-4E99-A284-5EB68DE0F4E9}.AppStore|ARM.ActiveCfg = AppStore|iPhone
		{7D01FC05-5B10-4E99-A284-5EB68DE0F4E9}.AppStore|iPhone.ActiveCfg = AppStore|iPhone
		{7D01FC05-5B10-4E99-A284-5EB68DE0F4E9}.AppStore|iPhone.Build.0 = AppStore|iPhone
		{7D01FC05-5B10-4E99-A284-5EB68DE0F4E9}.AppStore|iPhoneSimulator.ActiveCfg = AppStore|iPhoneSimulator
		{7D01FC05-5B10-4E99-A284-5EB68DE0F4E9}.AppStore|iPhoneSimulator.Build.0 = AppStore|iPhoneSimulator
		{7D01FC05-5B10-4E99-A284-5EB68DE0F4E9}.AppStore|x64.ActiveCfg = AppStore|iPhone
		{7D01FC05-5B10-4E99-A284-5EB68DE0F4E9}.AppStore|x86.ActiveCfg = AppStore|iPhone
		{7D01FC05-5B10-4E99-A284-5EB68DE0F4E9}.Debug|Any CPU.ActiveCfg = Debug|iPhone
		{7D01FC05-5B10-4E99-A284-5EB68DE0F4E9}.Debug|ARM.ActiveCfg = Debug|iPhone
		{7D01FC05-5B10-4E99-A284-5EB68DE0F4E9}.Debug|iPhone.ActiveCfg = Debug|iPhone
		{7D01FC05-5B10-4E99-A284-5EB68DE0F4E9}.Debug|iPhone.Build.0 = Debug|iPhone
		{7D01FC05-5B10-4E99-A284-5EB68DE0F4E9}.Debug|iPhoneSimulator.ActiveCfg = Debug|iPhoneSimulator
		{7D01FC05-5B10-4E99-A284-5EB68DE0F4E9}.Debug|iPhoneSimulator.Build.0 = Debug|iPhoneSimulator
		{7D01FC05-5B10-4E99-A284-5EB68DE0F4E9}.Debug|x64.ActiveCfg = Debug|iPhone
		{7D01FC05-5B10-4E99-A284-5EB68DE0F4E9}.Debug|x86.ActiveCfg = Debug|iPhone
		{7D01FC05-5B10-4E99-A284-5EB68DE0F4E9}.Release|Any CPU.ActiveCfg = Release|iPhone
		{7D01FC05-5B10-4E99-A284-5EB68DE0F4E9}.Release|ARM.ActiveCfg = Release|iPhone
		{7D01FC05-5B10-4E99-A284-5EB68DE0F4E9}.Release|iPhone.ActiveCfg = Release|iPhone
		{7D01FC05-5B10-4E99-A284-5EB68DE0F4E9}.Release|iPhone.Build.0 = Release|iPhone
		{7D01FC05-5B10-4E99-A284-5EB68DE0F4E9}.Release|iPhoneSimulator.ActiveCfg = Release|iPhoneSimulator
		{7D01FC05-5B10-4E99-A284-5EB68DE0F4E9}.Release|iPhoneSimulator.Build.0 = Release|iPhoneSimulator
		{7D01FC05-5B10-4E99-A284-5EB68DE0F4E9}.Release|x64.ActiveCfg = Release|iPhone
		{7D01FC05-5B10-4E99-A284-5EB68DE0F4E9}.Release|x86.ActiveCfg = Release|iPhone
		{5A711C73-624B-4863-B0F6-3E435326DFD1}.Ad-Hoc|Any CPU.ActiveCfg = Release|Any CPU
		{5A711C73-624B-4863-B0F6-3E435326DFD1}.Ad-Hoc|Any CPU.Build.0 = Release|Any CPU
		{5A711C73-624B-4863-B0F6-3E435326DFD1}.Ad-Hoc|Any CPU.Deploy.0 = Release|Any CPU
		{5A711C73-624B-4863-B0F6-3E435326DFD1}.Ad-Hoc|ARM.ActiveCfg = Release|ARM
		{5A711C73-624B-4863-B0F6-3E435326DFD1}.Ad-Hoc|ARM.Build.0 = Release|ARM
		{5A711C73-624B-4863-B0F6-3E435326DFD1}.Ad-Hoc|ARM.Deploy.0 = Release|ARM
		{5A711C73-624B-4863-B0F6-3E435326DFD1}.Ad-Hoc|iPhone.ActiveCfg = Release|Any CPU
		{5A711C73-624B-4863-B0F6-3E435326DFD1}.Ad-Hoc|iPhone.Build.0 = Release|Any CPU
		{5A711C73-624B-4863-B0F6-3E435326DFD1}.Ad-Hoc|iPhone.Deploy.0 = Release|Any CPU
		{5A711C73-624B-4863-B0F6-3E435326DFD1}.Ad-Hoc|iPhoneSimulator.ActiveCfg = Release|Any CPU
		{5A711C73-624B-4863-B0F6-3E435326DFD1}.Ad-Hoc|iPhoneSimulator.Build.0 = Release|Any CPU
		{5A711C73-624B-4863-B0F6-3E435326DFD1}.Ad-Hoc|iPhoneSimulator.Deploy.0 = Release|Any CPU
		{5A711C73-624B-4863-B0F6-3E435326DFD1}.Ad-Hoc|x64.ActiveCfg = Release|Any CPU
		{5A711C73-624B-4863-B0F6-3E435326DFD1}.Ad-Hoc|x64.Build.0 = Release|Any CPU
		{5A711C73-624B-4863-B0F6-3E435326DFD1}.Ad-Hoc|x64.Deploy.0 = Release|Any CPU
		{5A711C73-624B-4863-B0F6-3E435326DFD1}.Ad-Hoc|x86.ActiveCfg = Release|x86
		{5A711C73-624B-4863-B0F6-3E435326DFD1}.Ad-Hoc|x86.Build.0 = Release|x86
		{5A711C73-624B-4863-B0F6-3E435326DFD1}.Ad-Hoc|x86.Deploy.0 = Release|x86
		{5A711C73-624B-4863-B0F6-3E435326DFD1}.AppStore|Any CPU.ActiveCfg = Release|Any CPU
		{5A711C73-624B-4863-B0F6-3E435326DFD1}.AppStore|Any CPU.Build.0 = Release|Any CPU
		{5A711C73-624B-4863-B0F6-3E435326DFD1}.AppStore|Any CPU.Deploy.0 = Release|Any CPU
		{5A711C73-624B-4863-B0F6-3E435326DFD1}.AppStore|ARM.ActiveCfg = Release|ARM
		{5A711C73-624B-4863-B0F6-3E435326DFD1}.AppStore|ARM.Build.0 = Release|ARM
		{5A711C73-624B-4863-B0F6-3E435326DFD1}.AppStore|ARM.Deploy.0 = Release|ARM
		{5A711C73-624B-4863-B0F6-3E435326DFD1}.AppStore|iPhone.ActiveCfg = Release|Any CPU
		{5A711C73-624B-4863-B0F6-3E435326DFD1}.AppStore|iPhone.Build.0 = Release|Any CPU
		{5A711C73-624B-4863-B0F6-3E435326DFD1}.AppStore|iPhone.Deploy.0 = Release|Any CPU
		{5A711C73-624B-4863-B0F6-3E435326DFD1}.AppStore|iPhoneSimulator.ActiveCfg = Release|Any CPU
		{5A711C73-624B-4863-B0F6-3E435326DFD1}.AppStore|iPhoneSimulator.Build.0 = Release|Any CPU
		{5A711C73-624B-4863-B0F6-3E435326DFD1}.AppStore|iPhoneSimulator.Deploy.0 = Release|Any CPU
		{5A711C73-624B-4863-B0F6-3E435326DFD1}.AppStore|x64.ActiveCfg = Release|Any CPU
		{5A711C73-624B-4863-B0F6-3E435326DFD1}.AppStore|x64.Build.0 = Release|Any CPU
		{5A711C73-624B-4863-B0F6-3E435326DFD1}.AppStore|x64.Deploy.0 = Release|Any CPU
		{5A711C73-624B-4863-B0F6-3E435326DFD1}.AppStore|x86.ActiveCfg = Release|x86
		{5A711C73-624B-4863-B0F6-3E435326DFD1}.AppStore|x86.Build.0 = Release|x86
		{5A711C73-624B-4863-B0F6-3E435326DFD1}.AppStore|x86.Deploy.0 = Release|x86
		{5A711C73-624B-4863-B0F6-3E435326DFD1}.Debug|Any CPU.ActiveCfg = Debug|Any CPU
		{5A711C73-624B-4863-B0F6-3E435326DFD1}.Debug|Any CPU.Build.0 = Debug|Any CPU
		{5A711C73-624B-4863-B0F6-3E435326DFD1}.Debug|Any CPU.Deploy.0 = Debug|Any CPU
		{5A711C73-624B-4863-B0F6-3E435326DFD1}.Debug|ARM.ActiveCfg = Debug|ARM
		{5A711C73-624B-4863-B0F6-3E435326DFD1}.Debug|ARM.Build.0 = Debug|ARM
		{5A711C73-624B-4863-B0F6-3E435326DFD1}.Debug|ARM.Deploy.0 = Debug|ARM
		{5A711C73-624B-4863-B0F6-3E435326DFD1}.Debug|iPhone.ActiveCfg = Debug|Any CPU
		{5A711C73-624B-4863-B0F6-3E435326DFD1}.Debug|iPhone.Build.0 = Debug|Any CPU
		{5A711C73-624B-4863-B0F6-3E435326DFD1}.Debug|iPhone.Deploy.0 = Debug|Any CPU
		{5A711C73-624B-4863-B0F6-3E435326DFD1}.Debug|iPhoneSimulator.ActiveCfg = Debug|Any CPU
		{5A711C73-624B-4863-B0F6-3E435326DFD1}.Debug|iPhoneSimulator.Build.0 = Debug|Any CPU
		{5A711C73-624B-4863-B0F6-3E435326DFD1}.Debug|iPhoneSimulator.Deploy.0 = Debug|Any CPU
		{5A711C73-624B-4863-B0F6-3E435326DFD1}.Debug|x64.ActiveCfg = Debug|Any CPU
		{5A711C73-624B-4863-B0F6-3E435326DFD1}.Debug|x64.Build.0 = Debug|Any CPU
		{5A711C73-624B-4863-B0F6-3E435326DFD1}.Debug|x64.Deploy.0 = Debug|Any CPU
		{5A711C73-624B-4863-B0F6-3E435326DFD1}.Debug|x86.ActiveCfg = Debug|x86
		{5A711C73-624B-4863-B0F6-3E435326DFD1}.Debug|x86.Build.0 = Debug|x86
		{5A711C73-624B-4863-B0F6-3E435326DFD1}.Debug|x86.Deploy.0 = Debug|x86
		{5A711C73-624B-4863-B0F6-3E435326DFD1}.Release|Any CPU.ActiveCfg = Release|Any CPU
		{5A711C73-624B-4863-B0F6-3E435326DFD1}.Release|Any CPU.Build.0 = Release|Any CPU
		{5A711C73-624B-4863-B0F6-3E435326DFD1}.Release|Any CPU.Deploy.0 = Release|Any CPU
		{5A711C73-624B-4863-B0F6-3E435326DFD1}.Release|ARM.ActiveCfg = Release|ARM
		{5A711C73-624B-4863-B0F6-3E435326DFD1}.Release|ARM.Build.0 = Release|ARM
		{5A711C73-624B-4863-B0F6-3E435326DFD1}.Release|ARM.Deploy.0 = Release|ARM
		{5A711C73-624B-4863-B0F6-3E435326DFD1}.Release|iPhone.ActiveCfg = Release|Any CPU
		{5A711C73-624B-4863-B0F6-3E435326DFD1}.Release|iPhone.Build.0 = Release|Any CPU
		{5A711C73-624B-4863-B0F6-3E435326DFD1}.Release|iPhone.Deploy.0 = Release|Any CPU
		{5A711C73-624B-4863-B0F6-3E435326DFD1}.Release|iPhoneSimulator.ActiveCfg = Release|Any CPU
		{5A711C73-624B-4863-B0F6-3E435326DFD1}.Release|iPhoneSimulator.Build.0 = Release|Any CPU
		{5A711C73-624B-4863-B0F6-3E435326DFD1}.Release|iPhoneSimulator.Deploy.0 = Release|Any CPU
		{5A711C73-624B-4863-B0F6-3E435326DFD1}.Release|x64.ActiveCfg = Release|Any CPU
		{5A711C73-624B-4863-B0F6-3E435326DFD1}.Release|x64.Build.0 = Release|Any CPU
		{5A711C73-624B-4863-B0F6-3E435326DFD1}.Release|x64.Deploy.0 = Release|Any CPU
		{5A711C73-624B-4863-B0F6-3E435326DFD1}.Release|x86.ActiveCfg = Release|x86
		{5A711C73-624B-4863-B0F6-3E435326DFD1}.Release|x86.Build.0 = Release|x86
		{5A711C73-624B-4863-B0F6-3E435326DFD1}.Release|x86.Deploy.0 = Release|x86
		{4D6AA487-50DB-400C-A866-01A1A95993C1}.Ad-Hoc|Any CPU.ActiveCfg = Release|x86
		{4D6AA487-50DB-400C-A866-01A1A95993C1}.Ad-Hoc|Any CPU.Build.0 = Release|x86
		{4D6AA487-50DB-400C-A866-01A1A95993C1}.Ad-Hoc|Any CPU.Deploy.0 = Release|x86
		{4D6AA487-50DB-400C-A866-01A1A95993C1}.Ad-Hoc|ARM.ActiveCfg = Release|ARM
		{4D6AA487-50DB-400C-A866-01A1A95993C1}.Ad-Hoc|ARM.Build.0 = Release|ARM
		{4D6AA487-50DB-400C-A866-01A1A95993C1}.Ad-Hoc|ARM.Deploy.0 = Release|ARM
		{4D6AA487-50DB-400C-A866-01A1A95993C1}.Ad-Hoc|iPhone.ActiveCfg = Release|x86
		{4D6AA487-50DB-400C-A866-01A1A95993C1}.Ad-Hoc|iPhone.Build.0 = Release|x86
		{4D6AA487-50DB-400C-A866-01A1A95993C1}.Ad-Hoc|iPhone.Deploy.0 = Release|x86
		{4D6AA487-50DB-400C-A866-01A1A95993C1}.Ad-Hoc|iPhoneSimulator.ActiveCfg = Release|x86
		{4D6AA487-50DB-400C-A866-01A1A95993C1}.Ad-Hoc|iPhoneSimulator.Build.0 = Release|x86
		{4D6AA487-50DB-400C-A866-01A1A95993C1}.Ad-Hoc|iPhoneSimulator.Deploy.0 = Release|x86
		{4D6AA487-50DB-400C-A866-01A1A95993C1}.Ad-Hoc|x64.ActiveCfg = Release|x64
		{4D6AA487-50DB-400C-A866-01A1A95993C1}.Ad-Hoc|x64.Build.0 = Release|x64
		{4D6AA487-50DB-400C-A866-01A1A95993C1}.Ad-Hoc|x64.Deploy.0 = Release|x64
		{4D6AA487-50DB-400C-A866-01A1A95993C1}.Ad-Hoc|x86.ActiveCfg = Release|x86
		{4D6AA487-50DB-400C-A866-01A1A95993C1}.Ad-Hoc|x86.Build.0 = Release|x86
		{4D6AA487-50DB-400C-A866-01A1A95993C1}.Ad-Hoc|x86.Deploy.0 = Release|x86
		{4D6AA487-50DB-400C-A866-01A1A95993C1}.AppStore|Any CPU.ActiveCfg = Release|x86
		{4D6AA487-50DB-400C-A866-01A1A95993C1}.AppStore|Any CPU.Build.0 = Release|x86
		{4D6AA487-50DB-400C-A866-01A1A95993C1}.AppStore|Any CPU.Deploy.0 = Release|x86
		{4D6AA487-50DB-400C-A866-01A1A95993C1}.AppStore|ARM.ActiveCfg = Release|ARM
		{4D6AA487-50DB-400C-A866-01A1A95993C1}.AppStore|ARM.Build.0 = Release|ARM
		{4D6AA487-50DB-400C-A866-01A1A95993C1}.AppStore|ARM.Deploy.0 = Release|ARM
		{4D6AA487-50DB-400C-A866-01A1A95993C1}.AppStore|iPhone.ActiveCfg = Release|x86
		{4D6AA487-50DB-400C-A866-01A1A95993C1}.AppStore|iPhone.Build.0 = Release|x86
		{4D6AA487-50DB-400C-A866-01A1A95993C1}.AppStore|iPhone.Deploy.0 = Release|x86
		{4D6AA487-50DB-400C-A866-01A1A95993C1}.AppStore|iPhoneSimulator.ActiveCfg = Release|x86
		{4D6AA487-50DB-400C-A866-01A1A95993C1}.AppStore|iPhoneSimulator.Build.0 = Release|x86
		{4D6AA487-50DB-400C-A866-01A1A95993C1}.AppStore|iPhoneSimulator.Deploy.0 = Release|x86
		{4D6AA487-50DB-400C-A866-01A1A95993C1}.AppStore|x64.ActiveCfg = Release|x64
		{4D6AA487-50DB-400C-A866-01A1A95993C1}.AppStore|x64.Build.0 = Release|x64
		{4D6AA487-50DB-400C-A866-01A1A95993C1}.AppStore|x64.Deploy.0 = Release|x64
		{4D6AA487-50DB-400C-A866-01A1A95993C1}.AppStore|x86.ActiveCfg = Release|x86
		{4D6AA487-50DB-400C-A866-01A1A95993C1}.AppStore|x86.Build.0 = Release|x86
		{4D6AA487-50DB-400C-A866-01A1A95993C1}.AppStore|x86.Deploy.0 = Release|x86
		{4D6AA487-50DB-400C-A866-01A1A95993C1}.Debug|Any CPU.ActiveCfg = Debug|x86
		{4D6AA487-50DB-400C-A866-01A1A95993C1}.Debug|Any CPU.Build.0 = Debug|x86
		{4D6AA487-50DB-400C-A866-01A1A95993C1}.Debug|Any CPU.Deploy.0 = Debug|x86
		{4D6AA487-50DB-400C-A866-01A1A95993C1}.Debug|ARM.ActiveCfg = Debug|ARM
		{4D6AA487-50DB-400C-A866-01A1A95993C1}.Debug|ARM.Build.0 = Debug|ARM
		{4D6AA487-50DB-400C-A866-01A1A95993C1}.Debug|ARM.Deploy.0 = Debug|ARM
		{4D6AA487-50DB-400C-A866-01A1A95993C1}.Debug|iPhone.ActiveCfg = Debug|x86
		{4D6AA487-50DB-400C-A866-01A1A95993C1}.Debug|iPhoneSimulator.ActiveCfg = Debug|x86
		{4D6AA487-50DB-400C-A866-01A1A95993C1}.Debug|x64.ActiveCfg = Debug|x64
		{4D6AA487-50DB-400C-A866-01A1A95993C1}.Debug|x64.Build.0 = Debug|x64
		{4D6AA487-50DB-400C-A866-01A1A95993C1}.Debug|x64.Deploy.0 = Debug|x64
		{4D6AA487-50DB-400C-A866-01A1A95993C1}.Debug|x86.ActiveCfg = Debug|x86
		{4D6AA487-50DB-400C-A866-01A1A95993C1}.Debug|x86.Build.0 = Debug|x86
		{4D6AA487-50DB-400C-A866-01A1A95993C1}.Debug|x86.Deploy.0 = Debug|x86
		{4D6AA487-50DB-400C-A866-01A1A95993C1}.Release|Any CPU.ActiveCfg = Release|x86
		{4D6AA487-50DB-400C-A866-01A1A95993C1}.Release|ARM.ActiveCfg = Release|ARM
		{4D6AA487-50DB-400C-A866-01A1A95993C1}.Release|ARM.Build.0 = Release|ARM
		{4D6AA487-50DB-400C-A866-01A1A95993C1}.Release|ARM.Deploy.0 = Release|ARM
		{4D6AA487-50DB-400C-A866-01A1A95993C1}.Release|iPhone.ActiveCfg = Release|x86
		{4D6AA487-50DB-400C-A866-01A1A95993C1}.Release|iPhoneSimulator.ActiveCfg = Release|x86
		{4D6AA487-50DB-400C-A866-01A1A95993C1}.Release|x64.ActiveCfg = Release|x64
		{4D6AA487-50DB-400C-A866-01A1A95993C1}.Release|x64.Build.0 = Release|x64
		{4D6AA487-50DB-400C-A866-01A1A95993C1}.Release|x64.Deploy.0 = Release|x64
		{4D6AA487-50DB-400C-A866-01A1A95993C1}.Release|x86.ActiveCfg = Release|x86
		{4D6AA487-50DB-400C-A866-01A1A95993C1}.Release|x86.Build.0 = Release|x86
		{4D6AA487-50DB-400C-A866-01A1A95993C1}.Release|x86.Deploy.0 = Release|x86
		{E9A3BA92-675B-41BE-B9D4-D71B2BCFF742}.Ad-Hoc|Any CPU.ActiveCfg = Release|Any CPU
		{E9A3BA92-675B-41BE-B9D4-D71B2BCFF742}.Ad-Hoc|Any CPU.Build.0 = Release|Any CPU
		{E9A3BA92-675B-41BE-B9D4-D71B2BCFF742}.Ad-Hoc|Any CPU.Deploy.0 = Release|Any CPU
		{E9A3BA92-675B-41BE-B9D4-D71B2BCFF742}.Ad-Hoc|ARM.ActiveCfg = Release|ARM
		{E9A3BA92-675B-41BE-B9D4-D71B2BCFF742}.Ad-Hoc|ARM.Build.0 = Release|ARM
		{E9A3BA92-675B-41BE-B9D4-D71B2BCFF742}.Ad-Hoc|ARM.Deploy.0 = Release|ARM
		{E9A3BA92-675B-41BE-B9D4-D71B2BCFF742}.Ad-Hoc|iPhone.ActiveCfg = Release|Any CPU
		{E9A3BA92-675B-41BE-B9D4-D71B2BCFF742}.Ad-Hoc|iPhone.Build.0 = Release|Any CPU
		{E9A3BA92-675B-41BE-B9D4-D71B2BCFF742}.Ad-Hoc|iPhone.Deploy.0 = Release|Any CPU
		{E9A3BA92-675B-41BE-B9D4-D71B2BCFF742}.Ad-Hoc|iPhoneSimulator.ActiveCfg = Release|Any CPU
		{E9A3BA92-675B-41BE-B9D4-D71B2BCFF742}.Ad-Hoc|iPhoneSimulator.Build.0 = Release|Any CPU
		{E9A3BA92-675B-41BE-B9D4-D71B2BCFF742}.Ad-Hoc|iPhoneSimulator.Deploy.0 = Release|Any CPU
		{E9A3BA92-675B-41BE-B9D4-D71B2BCFF742}.Ad-Hoc|x64.ActiveCfg = Release|x64
		{E9A3BA92-675B-41BE-B9D4-D71B2BCFF742}.Ad-Hoc|x64.Build.0 = Release|x64
		{E9A3BA92-675B-41BE-B9D4-D71B2BCFF742}.Ad-Hoc|x64.Deploy.0 = Release|x64
		{E9A3BA92-675B-41BE-B9D4-D71B2BCFF742}.Ad-Hoc|x86.ActiveCfg = Release|x86
		{E9A3BA92-675B-41BE-B9D4-D71B2BCFF742}.Ad-Hoc|x86.Build.0 = Release|x86
		{E9A3BA92-675B-41BE-B9D4-D71B2BCFF742}.Ad-Hoc|x86.Deploy.0 = Release|x86
		{E9A3BA92-675B-41BE-B9D4-D71B2BCFF742}.AppStore|Any CPU.ActiveCfg = Release|Any CPU
		{E9A3BA92-675B-41BE-B9D4-D71B2BCFF742}.AppStore|Any CPU.Build.0 = Release|Any CPU
		{E9A3BA92-675B-41BE-B9D4-D71B2BCFF742}.AppStore|Any CPU.Deploy.0 = Release|Any CPU
		{E9A3BA92-675B-41BE-B9D4-D71B2BCFF742}.AppStore|ARM.ActiveCfg = Release|ARM
		{E9A3BA92-675B-41BE-B9D4-D71B2BCFF742}.AppStore|ARM.Build.0 = Release|ARM
		{E9A3BA92-675B-41BE-B9D4-D71B2BCFF742}.AppStore|ARM.Deploy.0 = Release|ARM
		{E9A3BA92-675B-41BE-B9D4-D71B2BCFF742}.AppStore|iPhone.ActiveCfg = Release|Any CPU
		{E9A3BA92-675B-41BE-B9D4-D71B2BCFF742}.AppStore|iPhone.Build.0 = Release|Any CPU
		{E9A3BA92-675B-41BE-B9D4-D71B2BCFF742}.AppStore|iPhone.Deploy.0 = Release|Any CPU
		{E9A3BA92-675B-41BE-B9D4-D71B2BCFF742}.AppStore|iPhoneSimulator.ActiveCfg = Release|Any CPU
		{E9A3BA92-675B-41BE-B9D4-D71B2BCFF742}.AppStore|iPhoneSimulator.Build.0 = Release|Any CPU
		{E9A3BA92-675B-41BE-B9D4-D71B2BCFF742}.AppStore|iPhoneSimulator.Deploy.0 = Release|Any CPU
		{E9A3BA92-675B-41BE-B9D4-D71B2BCFF742}.AppStore|x64.ActiveCfg = Release|x64
		{E9A3BA92-675B-41BE-B9D4-D71B2BCFF742}.AppStore|x64.Build.0 = Release|x64
		{E9A3BA92-675B-41BE-B9D4-D71B2BCFF742}.AppStore|x64.Deploy.0 = Release|x64
		{E9A3BA92-675B-41BE-B9D4-D71B2BCFF742}.AppStore|x86.ActiveCfg = Release|x86
		{E9A3BA92-675B-41BE-B9D4-D71B2BCFF742}.AppStore|x86.Build.0 = Release|x86
		{E9A3BA92-675B-41BE-B9D4-D71B2BCFF742}.AppStore|x86.Deploy.0 = Release|x86
		{E9A3BA92-675B-41BE-B9D4-D71B2BCFF742}.Debug|Any CPU.ActiveCfg = Debug|Any CPU
		{E9A3BA92-675B-41BE-B9D4-D71B2BCFF742}.Debug|Any CPU.Build.0 = Debug|Any CPU
		{E9A3BA92-675B-41BE-B9D4-D71B2BCFF742}.Debug|Any CPU.Deploy.0 = Debug|Any CPU
		{E9A3BA92-675B-41BE-B9D4-D71B2BCFF742}.Debug|ARM.ActiveCfg = Debug|ARM
		{E9A3BA92-675B-41BE-B9D4-D71B2BCFF742}.Debug|ARM.Build.0 = Debug|ARM
		{E9A3BA92-675B-41BE-B9D4-D71B2BCFF742}.Debug|ARM.Deploy.0 = Debug|ARM
		{E9A3BA92-675B-41BE-B9D4-D71B2BCFF742}.Debug|iPhone.ActiveCfg = Debug|Any CPU
		{E9A3BA92-675B-41BE-B9D4-D71B2BCFF742}.Debug|iPhone.Build.0 = Debug|Any CPU
		{E9A3BA92-675B-41BE-B9D4-D71B2BCFF742}.Debug|iPhone.Deploy.0 = Debug|Any CPU
		{E9A3BA92-675B-41BE-B9D4-D71B2BCFF742}.Debug|iPhoneSimulator.ActiveCfg = Debug|Any CPU
		{E9A3BA92-675B-41BE-B9D4-D71B2BCFF742}.Debug|iPhoneSimulator.Build.0 = Debug|Any CPU
		{E9A3BA92-675B-41BE-B9D4-D71B2BCFF742}.Debug|iPhoneSimulator.Deploy.0 = Debug|Any CPU
		{E9A3BA92-675B-41BE-B9D4-D71B2BCFF742}.Debug|x64.ActiveCfg = Debug|x64
		{E9A3BA92-675B-41BE-B9D4-D71B2BCFF742}.Debug|x64.Build.0 = Debug|x64
		{E9A3BA92-675B-41BE-B9D4-D71B2BCFF742}.Debug|x64.Deploy.0 = Debug|x64
		{E9A3BA92-675B-41BE-B9D4-D71B2BCFF742}.Debug|x86.ActiveCfg = Debug|x86
		{E9A3BA92-675B-41BE-B9D4-D71B2BCFF742}.Debug|x86.Build.0 = Debug|x86
		{E9A3BA92-675B-41BE-B9D4-D71B2BCFF742}.Debug|x86.Deploy.0 = Debug|x86
		{E9A3BA92-675B-41BE-B9D4-D71B2BCFF742}.Release|Any CPU.ActiveCfg = Release|Any CPU
		{E9A3BA92-675B-41BE-B9D4-D71B2BCFF742}.Release|Any CPU.Build.0 = Release|Any CPU
		{E9A3BA92-675B-41BE-B9D4-D71B2BCFF742}.Release|Any CPU.Deploy.0 = Release|Any CPU
		{E9A3BA92-675B-41BE-B9D4-D71B2BCFF742}.Release|ARM.ActiveCfg = Release|ARM
		{E9A3BA92-675B-41BE-B9D4-D71B2BCFF742}.Release|ARM.Build.0 = Release|ARM
		{E9A3BA92-675B-41BE-B9D4-D71B2BCFF742}.Release|ARM.Deploy.0 = Release|ARM
		{E9A3BA92-675B-41BE-B9D4-D71B2BCFF742}.Release|iPhone.ActiveCfg = Release|Any CPU
		{E9A3BA92-675B-41BE-B9D4-D71B2BCFF742}.Release|iPhone.Build.0 = Release|Any CPU
		{E9A3BA92-675B-41BE-B9D4-D71B2BCFF742}.Release|iPhone.Deploy.0 = Release|Any CPU
		{E9A3BA92-675B-41BE-B9D4-D71B2BCFF742}.Release|iPhoneSimulator.ActiveCfg = Release|Any CPU
		{E9A3BA92-675B-41BE-B9D4-D71B2BCFF742}.Release|iPhoneSimulator.Build.0 = Release|Any CPU
		{E9A3BA92-675B-41BE-B9D4-D71B2BCFF742}.Release|iPhoneSimulator.Deploy.0 = Release|Any CPU
		{E9A3BA92-675B-41BE-B9D4-D71B2BCFF742}.Release|x64.ActiveCfg = Release|x64
		{E9A3BA92-675B-41BE-B9D4-D71B2BCFF742}.Release|x64.Build.0 = Release|x64
		{E9A3BA92-675B-41BE-B9D4-D71B2BCFF742}.Release|x64.Deploy.0 = Release|x64
		{E9A3BA92-675B-41BE-B9D4-D71B2BCFF742}.Release|x86.ActiveCfg = Release|x86
		{E9A3BA92-675B-41BE-B9D4-D71B2BCFF742}.Release|x86.Build.0 = Release|x86
		{E9A3BA92-675B-41BE-B9D4-D71B2BCFF742}.Release|x86.Deploy.0 = Release|x86
		{80B22EA1-51B0-48CD-B7F1-585259D6173E}.Ad-Hoc|Any CPU.ActiveCfg = Release|Any CPU
		{80B22EA1-51B0-48CD-B7F1-585259D6173E}.Ad-Hoc|Any CPU.Build.0 = Release|Any CPU
		{80B22EA1-51B0-48CD-B7F1-585259D6173E}.Ad-Hoc|ARM.ActiveCfg = Release|Any CPU
		{80B22EA1-51B0-48CD-B7F1-585259D6173E}.Ad-Hoc|ARM.Build.0 = Release|Any CPU
		{80B22EA1-51B0-48CD-B7F1-585259D6173E}.Ad-Hoc|iPhone.ActiveCfg = Release|Any CPU
		{80B22EA1-51B0-48CD-B7F1-585259D6173E}.Ad-Hoc|iPhone.Build.0 = Release|Any CPU
		{80B22EA1-51B0-48CD-B7F1-585259D6173E}.Ad-Hoc|iPhoneSimulator.ActiveCfg = Release|Any CPU
		{80B22EA1-51B0-48CD-B7F1-585259D6173E}.Ad-Hoc|iPhoneSimulator.Build.0 = Release|Any CPU
		{80B22EA1-51B0-48CD-B7F1-585259D6173E}.Ad-Hoc|x64.ActiveCfg = Release|Any CPU
		{80B22EA1-51B0-48CD-B7F1-585259D6173E}.Ad-Hoc|x64.Build.0 = Release|Any CPU
		{80B22EA1-51B0-48CD-B7F1-585259D6173E}.Ad-Hoc|x86.ActiveCfg = Release|Any CPU
		{80B22EA1-51B0-48CD-B7F1-585259D6173E}.Ad-Hoc|x86.Build.0 = Release|Any CPU
		{80B22EA1-51B0-48CD-B7F1-585259D6173E}.AppStore|Any CPU.ActiveCfg = Release|Any CPU
		{80B22EA1-51B0-48CD-B7F1-585259D6173E}.AppStore|Any CPU.Build.0 = Release|Any CPU
		{80B22EA1-51B0-48CD-B7F1-585259D6173E}.AppStore|ARM.ActiveCfg = Release|Any CPU
		{80B22EA1-51B0-48CD-B7F1-585259D6173E}.AppStore|ARM.Build.0 = Release|Any CPU
		{80B22EA1-51B0-48CD-B7F1-585259D6173E}.AppStore|iPhone.ActiveCfg = Release|Any CPU
		{80B22EA1-51B0-48CD-B7F1-585259D6173E}.AppStore|iPhone.Build.0 = Release|Any CPU
		{80B22EA1-51B0-48CD-B7F1-585259D6173E}.AppStore|iPhoneSimulator.ActiveCfg = Release|Any CPU
		{80B22EA1-51B0-48CD-B7F1-585259D6173E}.AppStore|iPhoneSimulator.Build.0 = Release|Any CPU
		{80B22EA1-51B0-48CD-B7F1-585259D6173E}.AppStore|x64.ActiveCfg = Release|Any CPU
		{80B22EA1-51B0-48CD-B7F1-585259D6173E}.AppStore|x64.Build.0 = Release|Any CPU
		{80B22EA1-51B0-48CD-B7F1-585259D6173E}.AppStore|x86.ActiveCfg = Release|Any CPU
		{80B22EA1-51B0-48CD-B7F1-585259D6173E}.AppStore|x86.Build.0 = Release|Any CPU
		{80B22EA1-51B0-48CD-B7F1-585259D6173E}.Debug|Any CPU.ActiveCfg = Debug|Any CPU
		{80B22EA1-51B0-48CD-B7F1-585259D6173E}.Debug|Any CPU.Build.0 = Debug|Any CPU
		{80B22EA1-51B0-48CD-B7F1-585259D6173E}.Debug|ARM.ActiveCfg = Debug|Any CPU
		{80B22EA1-51B0-48CD-B7F1-585259D6173E}.Debug|ARM.Build.0 = Debug|Any CPU
		{80B22EA1-51B0-48CD-B7F1-585259D6173E}.Debug|iPhone.ActiveCfg = Debug|Any CPU
		{80B22EA1-51B0-48CD-B7F1-585259D6173E}.Debug|iPhone.Build.0 = Debug|Any CPU
		{80B22EA1-51B0-48CD-B7F1-585259D6173E}.Debug|iPhoneSimulator.ActiveCfg = Debug|Any CPU
		{80B22EA1-51B0-48CD-B7F1-585259D6173E}.Debug|iPhoneSimulator.Build.0 = Debug|Any CPU
		{80B22EA1-51B0-48CD-B7F1-585259D6173E}.Debug|x64.ActiveCfg = Debug|Any CPU
		{80B22EA1-51B0-48CD-B7F1-585259D6173E}.Debug|x64.Build.0 = Debug|Any CPU
		{80B22EA1-51B0-48CD-B7F1-585259D6173E}.Debug|x86.ActiveCfg = Debug|Any CPU
		{80B22EA1-51B0-48CD-B7F1-585259D6173E}.Debug|x86.Build.0 = Debug|Any CPU
		{80B22EA1-51B0-48CD-B7F1-585259D6173E}.Release|Any CPU.ActiveCfg = Release|Any CPU
		{80B22EA1-51B0-48CD-B7F1-585259D6173E}.Release|Any CPU.Build.0 = Release|Any CPU
		{80B22EA1-51B0-48CD-B7F1-585259D6173E}.Release|ARM.ActiveCfg = Release|Any CPU
		{80B22EA1-51B0-48CD-B7F1-585259D6173E}.Release|ARM.Build.0 = Release|Any CPU
		{80B22EA1-51B0-48CD-B7F1-585259D6173E}.Release|iPhone.ActiveCfg = Release|Any CPU
		{80B22EA1-51B0-48CD-B7F1-585259D6173E}.Release|iPhone.Build.0 = Release|Any CPU
		{80B22EA1-51B0-48CD-B7F1-585259D6173E}.Release|iPhoneSimulator.ActiveCfg = Release|Any CPU
		{80B22EA1-51B0-48CD-B7F1-585259D6173E}.Release|iPhoneSimulator.Build.0 = Release|Any CPU
		{80B22EA1-51B0-48CD-B7F1-585259D6173E}.Release|x64.ActiveCfg = Release|Any CPU
		{80B22EA1-51B0-48CD-B7F1-585259D6173E}.Release|x64.Build.0 = Release|Any CPU
		{80B22EA1-51B0-48CD-B7F1-585259D6173E}.Release|x86.ActiveCfg = Release|Any CPU
		{80B22EA1-51B0-48CD-B7F1-585259D6173E}.Release|x86.Build.0 = Release|Any CPU
	EndGlobalSection
	GlobalSection(SolutionProperties) = preSolution
		HideSolutionNode = FALSE
	EndGlobalSection
EndGlobal
